// !$*UTF8*$!
{
	archiveVersion = 1;
	classes = {
	};
	objectVersion = 56;
	objects = {

/* Begin PBXBuildFile section */
		BD6C38452C072D4100143665 /* AppDelegate.swift in Sources */ = {isa = PBXBuildFile; fileRef = BD6C38442C072D4100143665 /* AppDelegate.swift */; };
		BD6C38472C072D4100143665 /* SceneDelegate.swift in Sources */ = {isa = PBXBuildFile; fileRef = BD6C38462C072D4100143665 /* SceneDelegate.swift */; };
		BD6C384E2C072D4300143665 /* Assets.xcassets in Resources */ = {isa = PBXBuildFile; fileRef = BD6C384D2C072D4300143665 /* Assets.xcassets */; };
		BD6C38512C072D4300143665 /* LaunchScreen.storyboard in Resources */ = {isa = PBXBuildFile; fileRef = BD6C384F2C072D4300143665 /* LaunchScreen.storyboard */; };
		BD6C385C2C072D4300143665 /* SearchBookTests.swift in Sources */ = {isa = PBXBuildFile; fileRef = BD6C385B2C072D4300143665 /* SearchBookTests.swift */; };
		BD6C38762C07318100143665 /* BookSearchViewController.swift in Sources */ = {isa = PBXBuildFile; fileRef = BD6C38752C07318100143665 /* BookSearchViewController.swift */; };
		BD6C387B2C0734AB00143665 /* SimpleBook.swift in Sources */ = {isa = PBXBuildFile; fileRef = BD6C387A2C0734AB00143665 /* SimpleBook.swift */; };
		BD6C387D2C0735F300143665 /* SimpleBookCell.swift in Sources */ = {isa = PBXBuildFile; fileRef = BD6C387C2C0735F300143665 /* SimpleBookCell.swift */; };
		BD6C38802C07361700143665 /* Collection+Extensions.swift in Sources */ = {isa = PBXBuildFile; fileRef = BD6C387F2C07361700143665 /* Collection+Extensions.swift */; };
		BD6C38862C07394600143665 /* APIRequest.swift in Sources */ = {isa = PBXBuildFile; fileRef = BD6C38852C07394600143665 /* APIRequest.swift */; };
		BD6C38882C073B7C00143665 /* BookSearchRequest.swift in Sources */ = {isa = PBXBuildFile; fileRef = BD6C38872C073B7C00143665 /* BookSearchRequest.swift */; };
		BD6C388B2C073BC600143665 /* IntFromString.swift in Sources */ = {isa = PBXBuildFile; fileRef = BD6C388A2C073BC600143665 /* IntFromString.swift */; };
		BD6C388D2C07406500143665 /* RequestState.swift in Sources */ = {isa = PBXBuildFile; fileRef = BD6C388C2C07406500143665 /* RequestState.swift */; };
		BD6C388F2C07534200143665 /* UILabel+Extensions.swift in Sources */ = {isa = PBXBuildFile; fileRef = BD6C388E2C07534200143665 /* UILabel+Extensions.swift */; };
		BD6C38932C0758B700143665 /* ImageAssetManager.swift in Sources */ = {isa = PBXBuildFile; fileRef = BD6C38922C0758B700143665 /* ImageAssetManager.swift */; };
		BD6C38962C075AB200143665 /* BookDetailViewController.swift in Sources */ = {isa = PBXBuildFile; fileRef = BD6C38952C075AB200143665 /* BookDetailViewController.swift */; };
		BD6C38982C075AD800143665 /* BookDetail.swift in Sources */ = {isa = PBXBuildFile; fileRef = BD6C38972C075AD800143665 /* BookDetail.swift */; };
		BD6C389A2C075B0800143665 /* DynamicCodingKeys.swift in Sources */ = {isa = PBXBuildFile; fileRef = BD6C38992C075B0800143665 /* DynamicCodingKeys.swift */; };
		BD6C389C2C075B9700143665 /* BookDetailRequest.swift in Sources */ = {isa = PBXBuildFile; fileRef = BD6C389B2C075B9700143665 /* BookDetailRequest.swift */; };
		BD6C389E2C0A0C3C00143665 /* ClickableLabel.swift in Sources */ = {isa = PBXBuildFile; fileRef = BD6C389D2C0A0C3B00143665 /* ClickableLabel.swift */; };
		BD6C38A22C0A16BD00143665 /* PDFViewController.swift in Sources */ = {isa = PBXBuildFile; fileRef = BD6C38A12C0A16BD00143665 /* PDFViewController.swift */; };
		BD6C38A42C0A26E700143665 /* URLProtocolMock.swift in Sources */ = {isa = PBXBuildFile; fileRef = BD6C38A32C0A26E700143665 /* URLProtocolMock.swift */; };
/* End PBXBuildFile section */

/* Begin PBXContainerItemProxy section */
		BD6C38582C072D4300143665 /* PBXContainerItemProxy */ = {
			isa = PBXContainerItemProxy;
			containerPortal = BD6C38392C072D4100143665 /* Project object */;
			proxyType = 1;
			remoteGlobalIDString = BD6C38402C072D4100143665;
			remoteInfo = SearchBook;
		};
		BD6C38622C072D4300143665 /* PBXContainerItemProxy */ = {
			isa = PBXContainerItemProxy;
			containerPortal = BD6C38392C072D4100143665 /* Project object */;
			proxyType = 1;
			remoteGlobalIDString = BD6C38402C072D4100143665;
			remoteInfo = SearchBook;
		};
/* End PBXContainerItemProxy section */

/* Begin PBXFileReference section */
		BD6C38412C072D4100143665 /* SearchBook.app */ = {isa = PBXFileReference; explicitFileType = wrapper.application; includeInIndex = 0; path = SearchBook.app; sourceTree = BUILT_PRODUCTS_DIR; };
		BD6C38442C072D4100143665 /* AppDelegate.swift */ = {isa = PBXFileReference; lastKnownFileType = sourcecode.swift; path = AppDelegate.swift; sourceTree = "<group>"; };
		BD6C38462C072D4100143665 /* SceneDelegate.swift */ = {isa = PBXFileReference; lastKnownFileType = sourcecode.swift; path = SceneDelegate.swift; sourceTree = "<group>"; };
		BD6C384D2C072D4300143665 /* Assets.xcassets */ = {isa = PBXFileReference; lastKnownFileType = folder.assetcatalog; path = Assets.xcassets; sourceTree = "<group>"; };
		BD6C38502C072D4300143665 /* Base */ = {isa = PBXFileReference; lastKnownFileType = file.storyboard; name = Base; path = Base.lproj/LaunchScreen.storyboard; sourceTree = "<group>"; };
		BD6C38522C072D4300143665 /* Info.plist */ = {isa = PBXFileReference; lastKnownFileType = text.plist.xml; path = Info.plist; sourceTree = "<group>"; };
		BD6C38572C072D4300143665 /* SearchBookTests.xctest */ = {isa = PBXFileReference; explicitFileType = wrapper.cfbundle; includeInIndex = 0; path = SearchBookTests.xctest; sourceTree = BUILT_PRODUCTS_DIR; };
		BD6C385B2C072D4300143665 /* SearchBookTests.swift */ = {isa = PBXFileReference; lastKnownFileType = sourcecode.swift; path = SearchBookTests.swift; sourceTree = "<group>"; };
		BD6C38612C072D4300143665 /* SearchBookUITests.xctest */ = {isa = PBXFileReference; explicitFileType = wrapper.cfbundle; includeInIndex = 0; path = SearchBookUITests.xctest; sourceTree = BUILT_PRODUCTS_DIR; };
		BD6C38752C07318100143665 /* BookSearchViewController.swift */ = {isa = PBXFileReference; lastKnownFileType = sourcecode.swift; path = BookSearchViewController.swift; sourceTree = "<group>"; };
		BD6C387A2C0734AB00143665 /* SimpleBook.swift */ = {isa = PBXFileReference; lastKnownFileType = sourcecode.swift; path = SimpleBook.swift; sourceTree = "<group>"; };
		BD6C387C2C0735F300143665 /* SimpleBookCell.swift */ = {isa = PBXFileReference; lastKnownFileType = sourcecode.swift; path = SimpleBookCell.swift; sourceTree = "<group>"; };
		BD6C387F2C07361700143665 /* Collection+Extensions.swift */ = {isa = PBXFileReference; lastKnownFileType = sourcecode.swift; path = "Collection+Extensions.swift"; sourceTree = "<group>"; };
		BD6C38852C07394600143665 /* APIRequest.swift */ = {isa = PBXFileReference; lastKnownFileType = sourcecode.swift; path = APIRequest.swift; sourceTree = "<group>"; };
		BD6C38872C073B7C00143665 /* BookSearchRequest.swift */ = {isa = PBXFileReference; lastKnownFileType = sourcecode.swift; path = BookSearchRequest.swift; sourceTree = "<group>"; };
		BD6C388A2C073BC600143665 /* IntFromString.swift */ = {isa = PBXFileReference; lastKnownFileType = sourcecode.swift; path = IntFromString.swift; sourceTree = "<group>"; };
		BD6C388C2C07406500143665 /* RequestState.swift */ = {isa = PBXFileReference; lastKnownFileType = sourcecode.swift; path = RequestState.swift; sourceTree = "<group>"; };
		BD6C388E2C07534200143665 /* UILabel+Extensions.swift */ = {isa = PBXFileReference; lastKnownFileType = sourcecode.swift; path = "UILabel+Extensions.swift"; sourceTree = "<group>"; };
		BD6C38922C0758B700143665 /* ImageAssetManager.swift */ = {isa = PBXFileReference; lastKnownFileType = sourcecode.swift; path = ImageAssetManager.swift; sourceTree = "<group>"; };
		BD6C38952C075AB200143665 /* BookDetailViewController.swift */ = {isa = PBXFileReference; lastKnownFileType = sourcecode.swift; path = BookDetailViewController.swift; sourceTree = "<group>"; };
		BD6C38972C075AD800143665 /* BookDetail.swift */ = {isa = PBXFileReference; lastKnownFileType = sourcecode.swift; path = BookDetail.swift; sourceTree = "<group>"; };
		BD6C38992C075B0800143665 /* DynamicCodingKeys.swift */ = {isa = PBXFileReference; lastKnownFileType = sourcecode.swift; path = DynamicCodingKeys.swift; sourceTree = "<group>"; };
		BD6C389B2C075B9700143665 /* BookDetailRequest.swift */ = {isa = PBXFileReference; lastKnownFileType = sourcecode.swift; path = BookDetailRequest.swift; sourceTree = "<group>"; };
		BD6C389D2C0A0C3B00143665 /* ClickableLabel.swift */ = {isa = PBXFileReference; lastKnownFileType = sourcecode.swift; path = ClickableLabel.swift; sourceTree = "<group>"; };
		BD6C38A12C0A16BD00143665 /* PDFViewController.swift */ = {isa = PBXFileReference; lastKnownFileType = sourcecode.swift; path = PDFViewController.swift; sourceTree = "<group>"; };
		BD6C38A32C0A26E700143665 /* URLProtocolMock.swift */ = {isa = PBXFileReference; lastKnownFileType = sourcecode.swift; path = URLProtocolMock.swift; sourceTree = "<group>"; };
/* End PBXFileReference section */

/* Begin PBXFrameworksBuildPhase section */
		BD6C383E2C072D4100143665 /* Frameworks */ = {
			isa = PBXFrameworksBuildPhase;
			buildActionMask = 2147483647;
			files = (
			);
			runOnlyForDeploymentPostprocessing = 0;
		};
		BD6C38542C072D4300143665 /* Frameworks */ = {
			isa = PBXFrameworksBuildPhase;
			buildActionMask = 2147483647;
			files = (
			);
			runOnlyForDeploymentPostprocessing = 0;
		};
		BD6C385E2C072D4300143665 /* Frameworks */ = {
			isa = PBXFrameworksBuildPhase;
			buildActionMask = 2147483647;
			files = (
			);
			runOnlyForDeploymentPostprocessing = 0;
		};
/* End PBXFrameworksBuildPhase section */

/* Begin PBXGroup section */
		BD6C38382C072D4100143665 = {
			isa = PBXGroup;
			children = (
				BD6C38432C072D4100143665 /* SearchBook */,
				BD6C385A2C072D4300143665 /* SearchBookTests */,
				BD6C38422C072D4100143665 /* Products */,
			);
			sourceTree = "<group>";
		};
		BD6C38422C072D4100143665 /* Products */ = {
			isa = PBXGroup;
			children = (
				BD6C38412C072D4100143665 /* SearchBook.app */,
				BD6C38572C072D4300143665 /* SearchBookTests.xctest */,
				BD6C38612C072D4300143665 /* SearchBookUITests.xctest */,
			);
			name = Products;
			sourceTree = "<group>";
		};
		BD6C38432C072D4100143665 /* SearchBook */ = {
			isa = PBXGroup;
			children = (
				BD6C38942C075AA100143665 /* book-detail */,
				BD6C38812C07391B00143665 /* util */,
				BD6C38892C073BA700143665 /* property-wrapper */,
				BD6C387E2C07360A00143665 /* extension */,
				BD6C38742C07317100143665 /* book-search */,
				BD6C38442C072D4100143665 /* AppDelegate.swift */,
				BD6C38462C072D4100143665 /* SceneDelegate.swift */,
				BD6C384D2C072D4300143665 /* Assets.xcassets */,
				BD6C384F2C072D4300143665 /* LaunchScreen.storyboard */,
				BD6C38522C072D4300143665 /* Info.plist */,
			);
			path = SearchBook;
			sourceTree = "<group>";
		};
		BD6C385A2C072D4300143665 /* SearchBookTests */ = {
			isa = PBXGroup;
			children = (
				BD6C38A52C0A26EB00143665 /* util */,
				BD6C385B2C072D4300143665 /* SearchBookTests.swift */,
			);
			path = SearchBookTests;
			sourceTree = "<group>";
		};
		BD6C38742C07317100143665 /* book-search */ = {
			isa = PBXGroup;
			children = (
				BD6C38752C07318100143665 /* BookSearchViewController.swift */,
				BD6C387A2C0734AB00143665 /* SimpleBook.swift */,
				BD6C387C2C0735F300143665 /* SimpleBookCell.swift */,
				BD6C38872C073B7C00143665 /* BookSearchRequest.swift */,
			);
			path = "book-search";
			sourceTree = "<group>";
		};
		BD6C387E2C07360A00143665 /* extension */ = {
			isa = PBXGroup;
			children = (
				BD6C387F2C07361700143665 /* Collection+Extensions.swift */,
				BD6C388E2C07534200143665 /* UILabel+Extensions.swift */,
			);
			path = extension;
			sourceTree = "<group>";
		};
		BD6C38812C07391B00143665 /* util */ = {
			isa = PBXGroup;
			children = (
				BD6C38822C07392600143665 /* network */,
			);
			path = util;
			sourceTree = "<group>";
		};
		BD6C38822C07392600143665 /* network */ = {
			isa = PBXGroup;
			children = (
				BD6C38852C07394600143665 /* APIRequest.swift */,
				BD6C388C2C07406500143665 /* RequestState.swift */,
				BD6C38922C0758B700143665 /* ImageAssetManager.swift */,
				BD6C38992C075B0800143665 /* DynamicCodingKeys.swift */,
			);
			path = network;
			sourceTree = "<group>";
		};
		BD6C38892C073BA700143665 /* property-wrapper */ = {
			isa = PBXGroup;
			children = (
				BD6C388A2C073BC600143665 /* IntFromString.swift */,
			);
			path = "property-wrapper";
			sourceTree = "<group>";
		};
		BD6C38942C075AA100143665 /* book-detail */ = {
			isa = PBXGroup;
			children = (
				BD6C38952C075AB200143665 /* BookDetailViewController.swift */,
				BD6C38972C075AD800143665 /* BookDetail.swift */,
				BD6C389B2C075B9700143665 /* BookDetailRequest.swift */,
				BD6C389D2C0A0C3B00143665 /* ClickableLabel.swift */,
				BD6C38A12C0A16BD00143665 /* PDFViewController.swift */,
			);
			path = "book-detail";
			sourceTree = "<group>";
		};
		BD6C38A52C0A26EB00143665 /* util */ = {
			isa = PBXGroup;
			children = (
				BD6C38A32C0A26E700143665 /* URLProtocolMock.swift */,
			);
			path = util;
			sourceTree = "<group>";
		};
/* End PBXGroup section */

/* Begin PBXNativeTarget section */
		BD6C38402C072D4100143665 /* SearchBook */ = {
			isa = PBXNativeTarget;
			buildConfigurationList = BD6C386B2C072D4300143665 /* Build configuration list for PBXNativeTarget "SearchBook" */;
			buildPhases = (
				BD6C383D2C072D4100143665 /* Sources */,
				BD6C383E2C072D4100143665 /* Frameworks */,
				BD6C383F2C072D4100143665 /* Resources */,
			);
			buildRules = (
			);
			dependencies = (
			);
			name = SearchBook;
			productName = SearchBook;
			productReference = BD6C38412C072D4100143665 /* SearchBook.app */;
			productType = "com.apple.product-type.application";
		};
		BD6C38562C072D4300143665 /* SearchBookTests */ = {
			isa = PBXNativeTarget;
			buildConfigurationList = BD6C386E2C072D4300143665 /* Build configuration list for PBXNativeTarget "SearchBookTests" */;
			buildPhases = (
				BD6C38532C072D4300143665 /* Sources */,
				BD6C38542C072D4300143665 /* Frameworks */,
				BD6C38552C072D4300143665 /* Resources */,
			);
			buildRules = (
			);
			dependencies = (
				BD6C38592C072D4300143665 /* PBXTargetDependency */,
			);
			name = SearchBookTests;
			productName = SearchBookTests;
			productReference = BD6C38572C072D4300143665 /* SearchBookTests.xctest */;
			productType = "com.apple.product-type.bundle.unit-test";
		};
		BD6C38602C072D4300143665 /* SearchBookUITests */ = {
			isa = PBXNativeTarget;
			buildConfigurationList = BD6C38712C072D4300143665 /* Build configuration list for PBXNativeTarget "SearchBookUITests" */;
			buildPhases = (
				BD6C385D2C072D4300143665 /* Sources */,
				BD6C385E2C072D4300143665 /* Frameworks */,
				BD6C385F2C072D4300143665 /* Resources */,
			);
			buildRules = (
			);
			dependencies = (
				BD6C38632C072D4300143665 /* PBXTargetDependency */,
			);
			name = SearchBookUITests;
			productName = SearchBookUITests;
			productReference = BD6C38612C072D4300143665 /* SearchBookUITests.xctest */;
			productType = "com.apple.product-type.bundle.ui-testing";
		};
/* End PBXNativeTarget section */

/* Begin PBXProject section */
		BD6C38392C072D4100143665 /* Project object */ = {
			isa = PBXProject;
			attributes = {
				BuildIndependentTargetsInParallel = 1;
				LastSwiftUpdateCheck = 1520;
				LastUpgradeCheck = 1520;
				TargetAttributes = {
					BD6C38402C072D4100143665 = {
						CreatedOnToolsVersion = 15.2;
					};
					BD6C38562C072D4300143665 = {
						CreatedOnToolsVersion = 15.2;
						TestTargetID = BD6C38402C072D4100143665;
					};
					BD6C38602C072D4300143665 = {
						CreatedOnToolsVersion = 15.2;
						TestTargetID = BD6C38402C072D4100143665;
					};
				};
			};
			buildConfigurationList = BD6C383C2C072D4100143665 /* Build configuration list for PBXProject "SearchBook" */;
			compatibilityVersion = "Xcode 14.0";
			developmentRegion = en;
			hasScannedForEncodings = 0;
			knownRegions = (
				en,
				Base,
			);
			mainGroup = BD6C38382C072D4100143665;
			productRefGroup = BD6C38422C072D4100143665 /* Products */;
			projectDirPath = "";
			projectRoot = "";
			targets = (
				BD6C38402C072D4100143665 /* SearchBook */,
				BD6C38562C072D4300143665 /* SearchBookTests */,
				BD6C38602C072D4300143665 /* SearchBookUITests */,
			);
		};
/* End PBXProject section */

/* Begin PBXResourcesBuildPhase section */
		BD6C383F2C072D4100143665 /* Resources */ = {
			isa = PBXResourcesBuildPhase;
			buildActionMask = 2147483647;
			files = (
				BD6C38512C072D4300143665 /* LaunchScreen.storyboard in Resources */,
				BD6C384E2C072D4300143665 /* Assets.xcassets in Resources */,
			);
			runOnlyForDeploymentPostprocessing = 0;
		};
		BD6C38552C072D4300143665 /* Resources */ = {
			isa = PBXResourcesBuildPhase;
			buildActionMask = 2147483647;
			files = (
			);
			runOnlyForDeploymentPostprocessing = 0;
		};
		BD6C385F2C072D4300143665 /* Resources */ = {
			isa = PBXResourcesBuildPhase;
			buildActionMask = 2147483647;
			files = (
			);
			runOnlyForDeploymentPostprocessing = 0;
		};
/* End PBXResourcesBuildPhase section */

/* Begin PBXSourcesBuildPhase section */
		BD6C383D2C072D4100143665 /* Sources */ = {
			isa = PBXSourcesBuildPhase;
			buildActionMask = 2147483647;
			files = (
				BD6C387B2C0734AB00143665 /* SimpleBook.swift in Sources */,
				BD6C389A2C075B0800143665 /* DynamicCodingKeys.swift in Sources */,
				BD6C387D2C0735F300143665 /* SimpleBookCell.swift in Sources */,
				BD6C388F2C07534200143665 /* UILabel+Extensions.swift in Sources */,
				BD6C38962C075AB200143665 /* BookDetailViewController.swift in Sources */,
				BD6C38762C07318100143665 /* BookSearchViewController.swift in Sources */,
				BD6C38982C075AD800143665 /* BookDetail.swift in Sources */,
				BD6C38452C072D4100143665 /* AppDelegate.swift in Sources */,
				BD6C38472C072D4100143665 /* SceneDelegate.swift in Sources */,
				BD6C38A22C0A16BD00143665 /* PDFViewController.swift in Sources */,
				BD6C389C2C075B9700143665 /* BookDetailRequest.swift in Sources */,
				BD6C388B2C073BC600143665 /* IntFromString.swift in Sources */,
				BD6C38862C07394600143665 /* APIRequest.swift in Sources */,
				BD6C38932C0758B700143665 /* ImageAssetManager.swift in Sources */,
				BD6C388D2C07406500143665 /* RequestState.swift in Sources */,
				BD6C389E2C0A0C3C00143665 /* ClickableLabel.swift in Sources */,
				BD6C38802C07361700143665 /* Collection+Extensions.swift in Sources */,
				BD6C38882C073B7C00143665 /* BookSearchRequest.swift in Sources */,
			);
			runOnlyForDeploymentPostprocessing = 0;
		};
		BD6C38532C072D4300143665 /* Sources */ = {
			isa = PBXSourcesBuildPhase;
			buildActionMask = 2147483647;
			files = (
				BD6C385C2C072D4300143665 /* SearchBookTests.swift in Sources */,
				BD6C38A42C0A26E700143665 /* URLProtocolMock.swift in Sources */,
			);
			runOnlyForDeploymentPostprocessing = 0;
		};
		BD6C385D2C072D4300143665 /* Sources */ = {
			isa = PBXSourcesBuildPhase;
			buildActionMask = 2147483647;
			files = (
			);
			runOnlyForDeploymentPostprocessing = 0;
		};
/* End PBXSourcesBuildPhase section */

/* Begin PBXTargetDependency section */
		BD6C38592C072D4300143665 /* PBXTargetDependency */ = {
			isa = PBXTargetDependency;
			target = BD6C38402C072D4100143665 /* SearchBook */;
			targetProxy = BD6C38582C072D4300143665 /* PBXContainerItemProxy */;
		};
		BD6C38632C072D4300143665 /* PBXTargetDependency */ = {
			isa = PBXTargetDependency;
			target = BD6C38402C072D4100143665 /* SearchBook */;
			targetProxy = BD6C38622C072D4300143665 /* PBXContainerItemProxy */;
		};
/* End PBXTargetDependency section */

/* Begin PBXVariantGroup section */
		BD6C384F2C072D4300143665 /* LaunchScreen.storyboard */ = {
			isa = PBXVariantGroup;
			children = (
				BD6C38502C072D4300143665 /* Base */,
			);
			name = LaunchScreen.storyboard;
			sourceTree = "<group>";
		};
/* End PBXVariantGroup section */

/* Begin XCBuildConfiguration section */
		BD6C38692C072D4300143665 /* Debug */ = {
			isa = XCBuildConfiguration;
			buildSettings = {
				ALWAYS_SEARCH_USER_PATHS = NO;
				ASSETCATALOG_COMPILER_GENERATE_SWIFT_ASSET_SYMBOL_EXTENSIONS = YES;
				CLANG_ANALYZER_NONNULL = YES;
				CLANG_ANALYZER_NUMBER_OBJECT_CONVERSION = YES_AGGRESSIVE;
				CLANG_CXX_LANGUAGE_STANDARD = "gnu++20";
				CLANG_ENABLE_MODULES = YES;
				CLANG_ENABLE_OBJC_ARC = YES;
				CLANG_ENABLE_OBJC_WEAK = YES;
				CLANG_WARN_BLOCK_CAPTURE_AUTORELEASING = YES;
				CLANG_WARN_BOOL_CONVERSION = YES;
				CLANG_WARN_COMMA = YES;
				CLANG_WARN_CONSTANT_CONVERSION = YES;
				CLANG_WARN_DEPRECATED_OBJC_IMPLEMENTATIONS = YES;
				CLANG_WARN_DIRECT_OBJC_ISA_USAGE = YES_ERROR;
				CLANG_WARN_DOCUMENTATION_COMMENTS = YES;
				CLANG_WARN_EMPTY_BODY = YES;
				CLANG_WARN_ENUM_CONVERSION = YES;
				CLANG_WARN_INFINITE_RECURSION = YES;
				CLANG_WARN_INT_CONVERSION = YES;
				CLANG_WARN_NON_LITERAL_NULL_CONVERSION = YES;
				CLANG_WARN_OBJC_IMPLICIT_RETAIN_SELF = YES;
				CLANG_WARN_OBJC_LITERAL_CONVERSION = YES;
				CLANG_WARN_OBJC_ROOT_CLASS = YES_ERROR;
				CLANG_WARN_QUOTED_INCLUDE_IN_FRAMEWORK_HEADER = YES;
				CLANG_WARN_RANGE_LOOP_ANALYSIS = YES;
				CLANG_WARN_STRICT_PROTOTYPES = YES;
				CLANG_WARN_SUSPICIOUS_MOVE = YES;
				CLANG_WARN_UNGUARDED_AVAILABILITY = YES_AGGRESSIVE;
				CLANG_WARN_UNREACHABLE_CODE = YES;
				CLANG_WARN__DUPLICATE_METHOD_MATCH = YES;
				COPY_PHASE_STRIP = NO;
				DEBUG_INFORMATION_FORMAT = dwarf;
				ENABLE_STRICT_OBJC_MSGSEND = YES;
				ENABLE_TESTABILITY = YES;
				ENABLE_USER_SCRIPT_SANDBOXING = YES;
				GCC_C_LANGUAGE_STANDARD = gnu17;
				GCC_DYNAMIC_NO_PIC = NO;
				GCC_NO_COMMON_BLOCKS = YES;
				GCC_OPTIMIZATION_LEVEL = 0;
				GCC_PREPROCESSOR_DEFINITIONS = (
					"DEBUG=1",
					"$(inherited)",
				);
				GCC_WARN_64_TO_32_BIT_CONVERSION = YES;
				GCC_WARN_ABOUT_RETURN_TYPE = YES_ERROR;
				GCC_WARN_UNDECLARED_SELECTOR = YES;
				GCC_WARN_UNINITIALIZED_AUTOS = YES_AGGRESSIVE;
				GCC_WARN_UNUSED_FUNCTION = YES;
				GCC_WARN_UNUSED_VARIABLE = YES;
				IPHONEOS_DEPLOYMENT_TARGET = 17.2;
				LOCALIZATION_PREFERS_STRING_CATALOGS = YES;
				MTL_ENABLE_DEBUG_INFO = INCLUDE_SOURCE;
				MTL_FAST_MATH = YES;
				ONLY_ACTIVE_ARCH = YES;
				SDKROOT = iphoneos;
				SWIFT_ACTIVE_COMPILATION_CONDITIONS = "DEBUG $(inherited)";
				SWIFT_OPTIMIZATION_LEVEL = "-Onone";
			};
			name = Debug;
		};
		BD6C386A2C072D4300143665 /* Release */ = {
			isa = XCBuildConfiguration;
			buildSettings = {
				ALWAYS_SEARCH_USER_PATHS = NO;
				ASSETCATALOG_COMPILER_GENERATE_SWIFT_ASSET_SYMBOL_EXTENSIONS = YES;
				CLANG_ANALYZER_NONNULL = YES;
				CLANG_ANALYZER_NUMBER_OBJECT_CONVERSION = YES_AGGRESSIVE;
				CLANG_CXX_LANGUAGE_STANDARD = "gnu++20";
				CLANG_ENABLE_MODULES = YES;
				CLANG_ENABLE_OBJC_ARC = YES;
				CLANG_ENABLE_OBJC_WEAK = YES;
				CLANG_WARN_BLOCK_CAPTURE_AUTORELEASING = YES;
				CLANG_WARN_BOOL_CONVERSION = YES;
				CLANG_WARN_COMMA = YES;
				CLANG_WARN_CONSTANT_CONVERSION = YES;
				CLANG_WARN_DEPRECATED_OBJC_IMPLEMENTATIONS = YES;
				CLANG_WARN_DIRECT_OBJC_ISA_USAGE = YES_ERROR;
				CLANG_WARN_DOCUMENTATION_COMMENTS = YES;
				CLANG_WARN_EMPTY_BODY = YES;
				CLANG_WARN_ENUM_CONVERSION = YES;
				CLANG_WARN_INFINITE_RECURSION = YES;
				CLANG_WARN_INT_CONVERSION = YES;
				CLANG_WARN_NON_LITERAL_NULL_CONVERSION = YES;
				CLANG_WARN_OBJC_IMPLICIT_RETAIN_SELF = YES;
				CLANG_WARN_OBJC_LITERAL_CONVERSION = YES;
				CLANG_WARN_OBJC_ROOT_CLASS = YES_ERROR;
				CLANG_WARN_QUOTED_INCLUDE_IN_FRAMEWORK_HEADER = YES;
				CLANG_WARN_RANGE_LOOP_ANALYSIS = YES;
				CLANG_WARN_STRICT_PROTOTYPES = YES;
				CLANG_WARN_SUSPICIOUS_MOVE = YES;
				CLANG_WARN_UNGUARDED_AVAILABILITY = YES_AGGRESSIVE;
				CLANG_WARN_UNREACHABLE_CODE = YES;
				CLANG_WARN__DUPLICATE_METHOD_MATCH = YES;
				COPY_PHASE_STRIP = NO;
				DEBUG_INFORMATION_FORMAT = "dwarf-with-dsym";
				ENABLE_NS_ASSERTIONS = NO;
				ENABLE_STRICT_OBJC_MSGSEND = YES;
				ENABLE_USER_SCRIPT_SANDBOXING = YES;
				GCC_C_LANGUAGE_STANDARD = gnu17;
				GCC_NO_COMMON_BLOCKS = YES;
				GCC_WARN_64_TO_32_BIT_CONVERSION = YES;
				GCC_WARN_ABOUT_RETURN_TYPE = YES_ERROR;
				GCC_WARN_UNDECLARED_SELECTOR = YES;
				GCC_WARN_UNINITIALIZED_AUTOS = YES_AGGRESSIVE;
				GCC_WARN_UNUSED_FUNCTION = YES;
				GCC_WARN_UNUSED_VARIABLE = YES;
				IPHONEOS_DEPLOYMENT_TARGET = 17.2;
				LOCALIZATION_PREFERS_STRING_CATALOGS = YES;
				MTL_ENABLE_DEBUG_INFO = NO;
				MTL_FAST_MATH = YES;
				SDKROOT = iphoneos;
				SWIFT_COMPILATION_MODE = wholemodule;
				VALIDATE_PRODUCT = YES;
			};
			name = Release;
		};
		BD6C386C2C072D4300143665 /* Debug */ = {
			isa = XCBuildConfiguration;
			buildSettings = {
				ASSETCATALOG_COMPILER_APPICON_NAME = AppIcon;
				ASSETCATALOG_COMPILER_GLOBAL_ACCENT_COLOR_NAME = AccentColor;
				CODE_SIGN_STYLE = Automatic;
				CURRENT_PROJECT_VERSION = 1;
				DEVELOPMENT_TEAM = MXXC76S558;
				GENERATE_INFOPLIST_FILE = YES;
				INFOPLIST_FILE = SearchBook/Info.plist;
				INFOPLIST_KEY_UIApplicationSupportsIndirectInputEvents = YES;
				INFOPLIST_KEY_UILaunchStoryboardName = LaunchScreen;
				INFOPLIST_KEY_UISupportedInterfaceOrientations_iPad = "UIInterfaceOrientationPortrait UIInterfaceOrientationPortraitUpsideDown UIInterfaceOrientationLandscapeLeft UIInterfaceOrientationLandscapeRight";
				INFOPLIST_KEY_UISupportedInterfaceOrientations_iPhone = "UIInterfaceOrientationPortrait UIInterfaceOrientationLandscapeLeft UIInterfaceOrientationLandscapeRight";
				LD_RUNPATH_SEARCH_PATHS = (
					"$(inherited)",
					"@executable_path/Frameworks",
				);
				MARKETING_VERSION = 1.0;
				PRODUCT_BUNDLE_IDENTIFIER = jujube0.SearchBook;
				PRODUCT_NAME = "$(TARGET_NAME)";
				SUPPORTED_PLATFORMS = "iphoneos iphonesimulator";
				SUPPORTS_MACCATALYST = NO;
				SUPPORTS_MAC_DESIGNED_FOR_IPHONE_IPAD = NO;
				SUPPORTS_XR_DESIGNED_FOR_IPHONE_IPAD = NO;
				SWIFT_EMIT_LOC_STRINGS = YES;
				SWIFT_VERSION = 5.0;
				TARGETED_DEVICE_FAMILY = 1;
			};
			name = Debug;
		};
		BD6C386D2C072D4300143665 /* Release */ = {
			isa = XCBuildConfiguration;
			buildSettings = {
				ASSETCATALOG_COMPILER_APPICON_NAME = AppIcon;
				ASSETCATALOG_COMPILER_GLOBAL_ACCENT_COLOR_NAME = AccentColor;
				CODE_SIGN_STYLE = Automatic;
				CURRENT_PROJECT_VERSION = 1;
				DEVELOPMENT_TEAM = MXXC76S558;
				GENERATE_INFOPLIST_FILE = YES;
				INFOPLIST_FILE = SearchBook/Info.plist;
				INFOPLIST_KEY_UIApplicationSupportsIndirectInputEvents = YES;
				INFOPLIST_KEY_UILaunchStoryboardName = LaunchScreen;
				INFOPLIST_KEY_UISupportedInterfaceOrientations_iPad = "UIInterfaceOrientationPortrait UIInterfaceOrientationPortraitUpsideDown UIInterfaceOrientationLandscapeLeft UIInterfaceOrientationLandscapeRight";
				INFOPLIST_KEY_UISupportedInterfaceOrientations_iPhone = "UIInterfaceOrientationPortrait UIInterfaceOrientationLandscapeLeft UIInterfaceOrientationLandscapeRight";
				LD_RUNPATH_SEARCH_PATHS = (
					"$(inherited)",
					"@executable_path/Frameworks",
				);
				MARKETING_VERSION = 1.0;
				PRODUCT_BUNDLE_IDENTIFIER = jujube0.SearchBook;
				PRODUCT_NAME = "$(TARGET_NAME)";
				SUPPORTED_PLATFORMS = "iphoneos iphonesimulator";
				SUPPORTS_MACCATALYST = NO;
				SUPPORTS_MAC_DESIGNED_FOR_IPHONE_IPAD = NO;
				SUPPORTS_XR_DESIGNED_FOR_IPHONE_IPAD = NO;
				SWIFT_EMIT_LOC_STRINGS = YES;
				SWIFT_VERSION = 5.0;
				TARGETED_DEVICE_FAMILY = 1;
			};
			name = Release;
		};
		BD6C386F2C072D4300143665 /* Debug */ = {
			isa = XCBuildConfiguration;
			buildSettings = {
				ALWAYS_EMBED_SWIFT_STANDARD_LIBRARIES = YES;
				BUNDLE_LOADER = "$(TEST_HOST)";
				CODE_SIGN_STYLE = Automatic;
				CURRENT_PROJECT_VERSION = 1;
				DEVELOPMENT_TEAM = MXXC76S558;
				GENERATE_INFOPLIST_FILE = YES;
				IPHONEOS_DEPLOYMENT_TARGET = 17.2;
				MARKETING_VERSION = 1.0;
				PRODUCT_BUNDLE_IDENTIFIER = jujube0.SearchBookTests;
				PRODUCT_NAME = "$(TARGET_NAME)";
				SWIFT_EMIT_LOC_STRINGS = NO;
				SWIFT_VERSION = 5.0;
				TARGETED_DEVICE_FAMILY = "1,2";
				TEST_HOST = "$(BUILT_PRODUCTS_DIR)/SearchBook.app/$(BUNDLE_EXECUTABLE_FOLDER_PATH)/SearchBook";
			};
			name = Debug;
		};
		BD6C38702C072D4300143665 /* Release */ = {
			isa = XCBuildConfiguration;
			buildSettings = {
				ALWAYS_EMBED_SWIFT_STANDARD_LIBRARIES = YES;
				BUNDLE_LOADER = "$(TEST_HOST)";
				CODE_SIGN_STYLE = Automatic;
				CURRENT_PROJECT_VERSION = 1;
				DEVELOPMENT_TEAM = MXXC76S558;
				GENERATE_INFOPLIST_FILE = YES;
				IPHONEOS_DEPLOYMENT_TARGET = 17.2;
				MARKETING_VERSION = 1.0;
				PRODUCT_BUNDLE_IDENTIFIER = jujube0.SearchBookTests;
				PRODUCT_NAME = "$(TARGET_NAME)";
				SWIFT_EMIT_LOC_STRINGS = NO;
				SWIFT_VERSION = 5.0;
				TARGETED_DEVICE_FAMILY = "1,2";
				TEST_HOST = "$(BUILT_PRODUCTS_DIR)/SearchBook.app/$(BUNDLE_EXECUTABLE_FOLDER_PATH)/SearchBook";
			};
			name = Release;
		};
		BD6C38722C072D4300143665 /* Debug */ = {
			isa = XCBuildConfiguration;
			buildSettings = {
				ALWAYS_EMBED_SWIFT_STANDARD_LIBRARIES = YES;
				CODE_SIGN_STYLE = Automatic;
				CURRENT_PROJECT_VERSION = 1;
				DEVELOPMENT_TEAM = MXXC76S558;
				GENERATE_INFOPLIST_FILE = YES;
				MARKETING_VERSION = 1.0;
				PRODUCT_BUNDLE_IDENTIFIER = jujube0.SearchBookUITests;
				PRODUCT_NAME = "$(TARGET_NAME)";
				SWIFT_EMIT_LOC_STRINGS = NO;
				SWIFT_VERSION = 5.0;
				TARGETED_DEVICE_FAMILY = "1,2";
				TEST_TARGET_NAME = SearchBook;
			};
			name = Debug;
		};
		BD6C38732C072D4300143665 /* Release */ = {
			isa = XCBuildConfiguration;
			buildSettings = {
				ALWAYS_EMBED_SWIFT_STANDARD_LIBRARIES = YES;
				CODE_SIGN_STYLE = Automatic;
				CURRENT_PROJECT_VERSION = 1;
				DEVELOPMENT_TEAM = MXXC76S558;
				GENERATE_INFOPLIST_FILE = YES;
				MARKETING_VERSION = 1.0;
				PRODUCT_BUNDLE_IDENTIFIER = jujube0.SearchBookUITests;
				PRODUCT_NAME = "$(TARGET_NAME)";
				SWIFT_EMIT_LOC_STRINGS = NO;
				SWIFT_VERSION = 5.0;
				TARGETED_DEVICE_FAMILY = "1,2";
				TEST_TARGET_NAME = SearchBook;
			};
			name = Release;
		};
/* End XCBuildConfiguration section */

/* Begin XCConfigurationList section */
		BD6C383C2C072D4100143665 /* Build configuration list for PBXProject "SearchBook" */ = {
			isa = XCConfigurationList;
			buildConfigurations = (
				BD6C38692C072D4300143665 /* Debug */,
				BD6C386A2C072D4300143665 /* Release */,
			);
			defaultConfigurationIsVisible = 0;
			defaultConfigurationName = Release;
		};
		BD6C386B2C072D4300143665 /* Build configuration list for PBXNativeTarget "SearchBook" */ = {
			isa = XCConfigurationList;
			buildConfigurations = (
				BD6C386C2C072D4300143665 /* Debug */,
				BD6C386D2C072D4300143665 /* Release */,
			);
			defaultConfigurationIsVisible = 0;
			defaultConfigurationName = Release;
		};
		BD6C386E2C072D4300143665 /* Build configuration list for PBXNativeTarget "SearchBookTests" */ = {
			isa = XCConfigurationList;
			buildConfigurations = (
				BD6C386F2C072D4300143665 /* Debug */,
				BD6C38702C072D4300143665 /* Release */,
			);
			defaultConfigurationIsVisible = 0;
			defaultConfigurationName = Release;
		};
		BD6C38712C072D4300143665 /* Build configuration list for PBXNativeTarget "SearchBookUITests" */ = {
			isa = XCConfigurationList;
			buildConfigurations = (
				BD6C38722C072D4300143665 /* Debug */,
				BD6C38732C072D4300143665 /* Release */,
			);
			defaultConfigurationIsVisible = 0;
			defaultConfigurationName = Release;
		};
/* End XCConfigurationList section */
	};
	rootObject = BD6C38392C072D4100143665 /* Project object */;
}
